// !$*UTF8*$!
{
	archiveVersion = 1;
	classes = {
	};
	objectVersion = 50;
	objects = {

/* Begin PBXBuildFile section */
		BE55623626852DBC00F79DCF /* SearchResultCell.xib in Resources */ = {isa = PBXBuildFile; fileRef = BE55623526852DBC00F79DCF /* SearchResultCell.xib */; };
		BE6D864F2678193C00D02CB5 /* SearchResultCell.swift in Sources */ = {isa = PBXBuildFile; fileRef = BE6D864E2678193C00D02CB5 /* SearchResultCell.swift */; };
		BEB589DE2680E6BD00CD351C /* LoadingCell.xib in Resources */ = {isa = PBXBuildFile; fileRef = BEB589DD2680E6BD00CD351C /* LoadingCell.xib */; };
		BEEAFD992678EA0800439B2D /* NothingFoundCell.xib in Resources */ = {isa = PBXBuildFile; fileRef = BEEAFD982678EA0800439B2D /* NothingFoundCell.xib */; };
		BEF449192674FC33003C1DDD /* AppDelegate.swift in Sources */ = {isa = PBXBuildFile; fileRef = BEF449182674FC33003C1DDD /* AppDelegate.swift */; };
		BEF4491B2674FC33003C1DDD /* SceneDelegate.swift in Sources */ = {isa = PBXBuildFile; fileRef = BEF4491A2674FC33003C1DDD /* SceneDelegate.swift */; };
		BEF4491D2674FC33003C1DDD /* StoreSearchVC.swift in Sources */ = {isa = PBXBuildFile; fileRef = BEF4491C2674FC33003C1DDD /* StoreSearchVC.swift */; };
		BEF449202674FC33003C1DDD /* Main.storyboard in Resources */ = {isa = PBXBuildFile; fileRef = BEF4491E2674FC33003C1DDD /* Main.storyboard */; };
		BEF449222674FC35003C1DDD /* Assets.xcassets in Resources */ = {isa = PBXBuildFile; fileRef = BEF449212674FC35003C1DDD /* Assets.xcassets */; };
		BEF449252674FC35003C1DDD /* LaunchScreen.storyboard in Resources */ = {isa = PBXBuildFile; fileRef = BEF449232674FC35003C1DDD /* LaunchScreen.storyboard */; };
		BEF4492D267533CC003C1DDD /* SearchResult.swift in Sources */ = {isa = PBXBuildFile; fileRef = BEF4492C267533CC003C1DDD /* SearchResult.swift */; };
/* End PBXBuildFile section */

/* Begin PBXFileReference section */
		BE55623526852DBC00F79DCF /* SearchResultCell.xib */ = {isa = PBXFileReference; fileEncoding = 4; lastKnownFileType = file.xib; name = SearchResultCell.xib; path = ../../../../../../.Trash/SearchResultCell.xib; sourceTree = "<group>"; };
		BE6D864E2678193C00D02CB5 /* SearchResultCell.swift */ = {isa = PBXFileReference; lastKnownFileType = sourcecode.swift; path = SearchResultCell.swift; sourceTree = "<group>"; };
		BEB589DD2680E6BD00CD351C /* LoadingCell.xib */ = {isa = PBXFileReference; lastKnownFileType = file.xib; path = LoadingCell.xib; sourceTree = "<group>"; };
		BEEAFD982678EA0800439B2D /* NothingFoundCell.xib */ = {isa = PBXFileReference; lastKnownFileType = file.xib; path = NothingFoundCell.xib; sourceTree = "<group>"; };
		BEF449152674FC33003C1DDD /* StoreSearch.app */ = {isa = PBXFileReference; explicitFileType = wrapper.application; includeInIndex = 0; path = StoreSearch.app; sourceTree = BUILT_PRODUCTS_DIR; };
		BEF449182674FC33003C1DDD /* AppDelegate.swift */ = {isa = PBXFileReference; lastKnownFileType = sourcecode.swift; path = AppDelegate.swift; sourceTree = "<group>"; };
		BEF4491A2674FC33003C1DDD /* SceneDelegate.swift */ = {isa = PBXFileReference; lastKnownFileType = sourcecode.swift; path = SceneDelegate.swift; sourceTree = "<group>"; };
		BEF4491C2674FC33003C1DDD /* StoreSearchVC.swift */ = {isa = PBXFileReference; lastKnownFileType = sourcecode.swift; path = StoreSearchVC.swift; sourceTree = "<group>"; };
		BEF4491F2674FC33003C1DDD /* Base */ = {isa = PBXFileReference; lastKnownFileType = file.storyboard; name = Base; path = Base.lproj/Main.storyboard; sourceTree = "<group>"; };
		BEF449212674FC35003C1DDD /* Assets.xcassets */ = {isa = PBXFileReference; lastKnownFileType = folder.assetcatalog; path = Assets.xcassets; sourceTree = "<group>"; };
		BEF449242674FC35003C1DDD /* Base */ = {isa = PBXFileReference; lastKnownFileType = file.storyboard; name = Base; path = Base.lproj/LaunchScreen.storyboard; sourceTree = "<group>"; };
		BEF449262674FC35003C1DDD /* Info.plist */ = {isa = PBXFileReference; lastKnownFileType = text.plist.xml; path = Info.plist; sourceTree = "<group>"; };
		BEF4492C267533CC003C1DDD /* SearchResult.swift */ = {isa = PBXFileReference; lastKnownFileType = sourcecode.swift; path = SearchResult.swift; sourceTree = "<group>"; };
/* End PBXFileReference section */

/* Begin PBXFrameworksBuildPhase section */
		BEF449122674FC33003C1DDD /* Frameworks */ = {
			isa = PBXFrameworksBuildPhase;
			buildActionMask = 2147483647;
			files = (
			);
			runOnlyForDeploymentPostprocessing = 0;
		};
/* End PBXFrameworksBuildPhase section */

/* Begin PBXGroup section */
		BEB589D72680DEEF00CD351C /* Model */ = {
			isa = PBXGroup;
			children = (
				BEF4492C267533CC003C1DDD /* SearchResult.swift */,
			);
			path = Model;
			sourceTree = "<group>";
		};
		BEB589D82680DEFF00CD351C /* View */ = {
			isa = PBXGroup;
			children = (
				BEB589DC2680E01600CD351C /* CustomView */,
				BEB589DB2680DFAF00CD351C /* CutomCell */,
				BEF4491E2674FC33003C1DDD /* Main.storyboard */,
				BEF449232674FC35003C1DDD /* LaunchScreen.storyboard */,
			);
			path = View;
			sourceTree = "<group>";
		};
		BEB589D92680DF0D00CD351C /* Controller */ = {
			isa = PBXGroup;
			children = (
				BEF4491C2674FC33003C1DDD /* StoreSearchVC.swift */,
			);
			path = Controller;
			sourceTree = "<group>";
		};
		BEB589DA2680DF5700CD351C /* Supoort */ = {
			isa = PBXGroup;
			children = (
				BEF449182674FC33003C1DDD /* AppDelegate.swift */,
				BEF4491A2674FC33003C1DDD /* SceneDelegate.swift */,
				BEF449212674FC35003C1DDD /* Assets.xcassets */,
			);
			path = Supoort;
			sourceTree = "<group>";
		};
		BEB589DB2680DFAF00CD351C /* CutomCell */ = {
			isa = PBXGroup;
			children = (
				BE55623526852DBC00F79DCF /* SearchResultCell.xib */,
				BEEAFD982678EA0800439B2D /* NothingFoundCell.xib */,
				BEB589DD2680E6BD00CD351C /* LoadingCell.xib */,
			);
			path = CutomCell;
			sourceTree = "<group>";
		};
		BEB589DC2680E01600CD351C /* CustomView */ = {
			isa = PBXGroup;
			children = (
				BE6D864E2678193C00D02CB5 /* SearchResultCell.swift */,
			);
			path = CustomView;
			sourceTree = "<group>";
		};
		BEF4490C2674FC33003C1DDD = {
			isa = PBXGroup;
			children = (
				BEF449172674FC33003C1DDD /* StoreSearch */,
				BEF449162674FC33003C1DDD /* Products */,
			);
			sourceTree = "<group>";
		};
		BEF449162674FC33003C1DDD /* Products */ = {
			isa = PBXGroup;
			children = (
				BEF449152674FC33003C1DDD /* StoreSearch.app */,
			);
			name = Products;
			sourceTree = "<group>";
		};
		BEF449172674FC33003C1DDD /* StoreSearch */ = {
			isa = PBXGroup;
			children = (
				BEB589D72680DEEF00CD351C /* Model */,
				BEB589D82680DEFF00CD351C /* View */,
				BEB589D92680DF0D00CD351C /* Controller */,
				BEB589DA2680DF5700CD351C /* Supoort */,
				BEF449262674FC35003C1DDD /* Info.plist */,
			);
			path = StoreSearch;
			sourceTree = "<group>";
		};
/* End PBXGroup section */

/* Begin PBXNativeTarget section */
		BEF449142674FC33003C1DDD /* StoreSearch */ = {
			isa = PBXNativeTarget;
			buildConfigurationList = BEF449292674FC35003C1DDD /* Build configuration list for PBXNativeTarget "StoreSearch" */;
			buildPhases = (
				BEF449112674FC33003C1DDD /* Sources */,
				BEF449122674FC33003C1DDD /* Frameworks */,
				BEF449132674FC33003C1DDD /* Resources */,
			);
			buildRules = (
			);
			dependencies = (
			);
			name = StoreSearch;
			productName = StoreSearch;
			productReference = BEF449152674FC33003C1DDD /* StoreSearch.app */;
			productType = "com.apple.product-type.application";
		};
/* End PBXNativeTarget section */

/* Begin PBXProject section */
		BEF4490D2674FC33003C1DDD /* Project object */ = {
			isa = PBXProject;
			attributes = {
				LastSwiftUpdateCheck = 1250;
				LastUpgradeCheck = 1250;
				TargetAttributes = {
					BEF449142674FC33003C1DDD = {
						CreatedOnToolsVersion = 12.5;
					};
				};
			};
			buildConfigurationList = BEF449102674FC33003C1DDD /* Build configuration list for PBXProject "StoreSearch" */;
			compatibilityVersion = "Xcode 9.3";
			developmentRegion = en;
			hasScannedForEncodings = 0;
			knownRegions = (
				en,
				Base,
			);
			mainGroup = BEF4490C2674FC33003C1DDD;
			productRefGroup = BEF449162674FC33003C1DDD /* Products */;
			projectDirPath = "";
			projectRoot = "";
			targets = (
				BEF449142674FC33003C1DDD /* StoreSearch */,
			);
		};
/* End PBXProject section */

/* Begin PBXResourcesBuildPhase section */
		BEF449132674FC33003C1DDD /* Resources */ = {
			isa = PBXResourcesBuildPhase;
			buildActionMask = 2147483647;
			files = (
				BEF449252674FC35003C1DDD /* LaunchScreen.storyboard in Resources */,
				BEF449222674FC35003C1DDD /* Assets.xcassets in Resources */,
				BEB589DE2680E6BD00CD351C /* LoadingCell.xib in Resources */,
				BEEAFD992678EA0800439B2D /* NothingFoundCell.xib in Resources */,
				BE55623626852DBC00F79DCF /* SearchResultCell.xib in Resources */,
				BEF449202674FC33003C1DDD /* Main.storyboard in Resources */,
			);
			runOnlyForDeploymentPostprocessing = 0;
		};
/* End PBXResourcesBuildPhase section */

/* Begin PBXSourcesBuildPhase section */
		BEF449112674FC33003C1DDD /* Sources */ = {
			isa = PBXSourcesBuildPhase;
			buildActionMask = 2147483647;
			files = (
				BEF4491D2674FC33003C1DDD /* StoreSearchVC.swift in Sources */,
				BEF449192674FC33003C1DDD /* AppDelegate.swift in Sources */,
				BEF4492D267533CC003C1DDD /* SearchResult.swift in Sources */,
				BEF4491B2674FC33003C1DDD /* SceneDelegate.swift in Sources */,
				BE6D864F2678193C00D02CB5 /* SearchResultCell.swift in Sources */,
			);
			runOnlyForDeploymentPostprocessing = 0;
		};
/* End PBXSourcesBuildPhase section */

/* Begin PBXVariantGroup section */
		BEF4491E2674FC33003C1DDD /* Main.storyboard */ = {
			isa = PBXVariantGroup;
			children = (
				BEF4491F2674FC33003C1DDD /* Base */,
			);
			name = Main.storyboard;
			sourceTree = "<group>";
		};
		BEF449232674FC35003C1DDD /* LaunchScreen.storyboard */ = {
			isa = PBXVariantGroup;
			children = (
				BEF449242674FC35003C1DDD /* Base */,
			);
			name = LaunchScreen.storyboard;
			sourceTree = "<group>";
		};
/* End PBXVariantGroup section */

/* Begin XCBuildConfiguration section */
		BEF449272674FC35003C1DDD /* Debug */ = {
			isa = XCBuildConfiguration;
			buildSettings = {
				ALWAYS_SEARCH_USER_PATHS = NO;
				CLANG_ANALYZER_NONNULL = YES;
				CLANG_ANALYZER_NUMBER_OBJECT_CONVERSION = YES_AGGRESSIVE;
				CLANG_CXX_LANGUAGE_STANDARD = "gnu++14";
				CLANG_CXX_LIBRARY = "libc++";
				CLANG_ENABLE_MODULES = YES;
				CLANG_ENABLE_OBJC_ARC = YES;
				CLANG_ENABLE_OBJC_WEAK = YES;
				CLANG_WARN_BLOCK_CAPTURE_AUTORELEASING = YES;
				CLANG_WARN_BOOL_CONVERSION = YES;
				CLANG_WARN_COMMA = YES;
				CLANG_WARN_CONSTANT_CONVERSION = YES;
				CLANG_WARN_DEPRECATED_OBJC_IMPLEMENTATIONS = YES;
				CLANG_WARN_DIRECT_OBJC_ISA_USAGE = YES_ERROR;
				CLANG_WARN_DOCUMENTATION_COMMENTS = YES;
				CLANG_WARN_EMPTY_BODY = YES;
				CLANG_WARN_ENUM_CONVERSION = YES;
				CLANG_WARN_INFINITE_RECURSION = YES;
				CLANG_WARN_INT_CONVERSION = YES;
				CLANG_WARN_NON_LITERAL_NULL_CONVERSION = YES;
				CLANG_WARN_OBJC_IMPLICIT_RETAIN_SELF = YES;
				CLANG_WARN_OBJC_LITERAL_CONVERSION = YES;
				CLANG_WARN_OBJC_ROOT_CLASS = YES_ERROR;
				CLANG_WARN_QUOTED_INCLUDE_IN_FRAMEWORK_HEADER = YES;
				CLANG_WARN_RANGE_LOOP_ANALYSIS = YES;
				CLANG_WARN_STRICT_PROTOTYPES = YES;
				CLANG_WARN_SUSPICIOUS_MOVE = YES;
				CLANG_WARN_UNGUARDED_AVAILABILITY = YES_AGGRESSIVE;
				CLANG_WARN_UNREACHABLE_CODE = YES;
				CLANG_WARN__DUPLICATE_METHOD_MATCH = YES;
				COPY_PHASE_STRIP = NO;
				DEBUG_INFORMATION_FORMAT = dwarf;
				ENABLE_STRICT_OBJC_MSGSEND = YES;
				ENABLE_TESTABILITY = YES;
				GCC_C_LANGUAGE_STANDARD = gnu11;
				GCC_DYNAMIC_NO_PIC = NO;
				GCC_NO_COMMON_BLOCKS = YES;
				GCC_OPTIMIZATION_LEVEL = 0;
				GCC_PREPROCESSOR_DEFINITIONS = (
					"DEBUG=1",
					"$(inherited)",
				);
				GCC_WARN_64_TO_32_BIT_CONVERSION = YES;
				GCC_WARN_ABOUT_RETURN_TYPE = YES_ERROR;
				GCC_WARN_UNDECLARED_SELECTOR = YES;
				GCC_WARN_UNINITIALIZED_AUTOS = YES_AGGRESSIVE;
				GCC_WARN_UNUSED_FUNCTION = YES;
				GCC_WARN_UNUSED_VARIABLE = YES;
				IPHONEOS_DEPLOYMENT_TARGET = 14.5;
				MTL_ENABLE_DEBUG_INFO = INCLUDE_SOURCE;
				MTL_FAST_MATH = YES;
				ONLY_ACTIVE_ARCH = YES;
				SDKROOT = iphoneos;
				SWIFT_ACTIVE_COMPILATION_CONDITIONS = DEBUG;
				SWIFT_OPTIMIZATION_LEVEL = "-Onone";
			};
			name = Debug;
		};
		BEF449282674FC35003C1DDD /* Release */ = {
			isa = XCBuildConfiguration;
			buildSettings = {
				ALWAYS_SEARCH_USER_PATHS = NO;
				CLANG_ANALYZER_NONNULL = YES;
				CLANG_ANALYZER_NUMBER_OBJECT_CONVERSION = YES_AGGRESSIVE;
				CLANG_CXX_LANGUAGE_STANDARD = "gnu++14";
				CLANG_CXX_LIBRARY = "libc++";
				CLANG_ENABLE_MODULES = YES;
				CLANG_ENABLE_OBJC_ARC = YES;
				CLANG_ENABLE_OBJC_WEAK = YES;
				CLANG_WARN_BLOCK_CAPTURE_AUTORELEASING = YES;
				CLANG_WARN_BOOL_CONVERSION = YES;
				CLANG_WARN_COMMA = YES;
				CLANG_WARN_CONSTANT_CONVERSION = YES;
				CLANG_WARN_DEPRECATED_OBJC_IMPLEMENTATIONS = YES;
				CLANG_WARN_DIRECT_OBJC_ISA_USAGE = YES_ERROR;
				CLANG_WARN_DOCUMENTATION_COMMENTS = YES;
				CLANG_WARN_EMPTY_BODY = YES;
				CLANG_WARN_ENUM_CONVERSION = YES;
				CLANG_WARN_INFINITE_RECURSION = YES;
				CLANG_WARN_INT_CONVERSION = YES;
				CLANG_WARN_NON_LITERAL_NULL_CONVERSION = YES;
				CLANG_WARN_OBJC_IMPLICIT_RETAIN_SELF = YES;
				CLANG_WARN_OBJC_LITERAL_CONVERSION = YES;
				CLANG_WARN_OBJC_ROOT_CLASS = YES_ERROR;
				CLANG_WARN_QUOTED_INCLUDE_IN_FRAMEWORK_HEADER = YES;
				CLANG_WARN_RANGE_LOOP_ANALYSIS = YES;
				CLANG_WARN_STRICT_PROTOTYPES = YES;
				CLANG_WARN_SUSPICIOUS_MOVE = YES;
				CLANG_WARN_UNGUARDED_AVAILABILITY = YES_AGGRESSIVE;
				CLANG_WARN_UNREACHABLE_CODE = YES;
				CLANG_WARN__DUPLICATE_METHOD_MATCH = YES;
				COPY_PHASE_STRIP = NO;
				DEBUG_INFORMATION_FORMAT = "dwarf-with-dsym";
				ENABLE_NS_ASSERTIONS = NO;
				ENABLE_STRICT_OBJC_MSGSEND = YES;
				GCC_C_LANGUAGE_STANDARD = gnu11;
				GCC_NO_COMMON_BLOCKS = YES;
				GCC_WARN_64_TO_32_BIT_CONVERSION = YES;
				GCC_WARN_ABOUT_RETURN_TYPE = YES_ERROR;
				GCC_WARN_UNDECLARED_SELECTOR = YES;
				GCC_WARN_UNINITIALIZED_AUTOS = YES_AGGRESSIVE;
				GCC_WARN_UNUSED_FUNCTION = YES;
				GCC_WARN_UNUSED_VARIABLE = YES;
				IPHONEOS_DEPLOYMENT_TARGET = 14.5;
				MTL_ENABLE_DEBUG_INFO = NO;
				MTL_FAST_MATH = YES;
				SDKROOT = iphoneos;
				SWIFT_COMPILATION_MODE = wholemodule;
				SWIFT_OPTIMIZATION_LEVEL = "-O";
				VALIDATE_PRODUCT = YES;
			};
			name = Release;
		};
		BEF4492A2674FC35003C1DDD /* Debug */ = {
			isa = XCBuildConfiguration;
			buildSettings = {
				ASSETCATALOG_COMPILER_APPICON_NAME = AppIcon;
				ASSETCATALOG_COMPILER_GLOBAL_ACCENT_COLOR_NAME = AccentColor;
				CODE_SIGN_STYLE = Automatic;
				DEVELOPMENT_TEAM = 725KT2YNUR;
				INFOPLIST_FILE = StoreSearch/Info.plist;
				LD_RUNPATH_SEARCH_PATHS = (
					"$(inherited)",
					"@executable_path/Frameworks",
				);
				PRODUCT_BUNDLE_IDENTIFIER = ahmedessmat.StoreSearch;
				PRODUCT_NAME = "$(TARGET_NAME)";
				SWIFT_VERSION = 5.0;
				TARGETED_DEVICE_FAMILY = "1,2";
			};
			name = Debug;
		};
		BEF4492B2674FC35003C1DDD /* Release */ = {
			isa = XCBuildConfiguration;
			buildSettings = {
				ASSETCATALOG_COMPILER_APPICON_NAME = AppIcon;
				ASSETCATALOG_COMPILER_GLOBAL_ACCENT_COLOR_NAME = AccentColor;
				CODE_SIGN_STYLE = Automatic;
				DEVELOPMENT_TEAM = 725KT2YNUR;
				INFOPLIST_FILE = StoreSearch/Info.plist;
				LD_RUNPATH_SEARCH_PATHS = (
					"$(inherited)",
					"@executable_path/Frameworks",
				);
				PRODUCT_BUNDLE_IDENTIFIER = ahmedessmat.StoreSearch;
				PRODUCT_NAME = "$(TARGET_NAME)";
				SWIFT_VERSION = 5.0;
				TARGETED_DEVICE_FAMILY = "1,2";
			};
			name = Release;
		};
/* End XCBuildConfiguration section */

/* Begin XCConfigurationList section */
		BEF449102674FC33003C1DDD /* Build configuration list for PBXProject "StoreSearch" */ = {
			isa = XCConfigurationList;
			buildConfigurations = (
				BEF449272674FC35003C1DDD /* Debug */,
				BEF449282674FC35003C1DDD /* Release */,
			);
			defaultConfigurationIsVisible = 0;
			defaultConfigurationName = Release;
		};
		BEF449292674FC35003C1DDD /* Build configuration list for PBXNativeTarget "StoreSearch" */ = {
			isa = XCConfigurationList;
			buildConfigurations = (
				BEF4492A2674FC35003C1DDD /* Debug */,
				BEF4492B2674FC35003C1DDD /* Release */,
			);
			defaultConfigurationIsVisible = 0;
			defaultConfigurationName = Release;
		};
/* End XCConfigurationList section */
	};
	rootObject = BEF4490D2674FC33003C1DDD /* Project object */;
}
